
Microsoft Visual Studio Solution File, Format Version 12.00
# Visual Studio Version 17
VisualStudioVersion = 17.2.32602.215
MinimumVisualStudioVersion = 10.0.40219.1
Project("{FAE04EC0-301F-11D3-BF4B-00C04F79EFBC}") = "Listas", "Listas\Listas.csproj", "{886CDD50-DAF0-47E6-A209-8B12DEED61C0}"
EndProject
Global
	GlobalSection(SolutionConfigurationPlatforms) = preSolution
		Debug|Any CPU = Debug|Any CPU
		Release|Any CPU = Release|Any CPU
	EndGlobalSection
	GlobalSection(ProjectConfigurationPlatforms) = postSolution
		{886CDD50-DAF0-47E6-A209-8B12DEED61C0}.Debug|Any CPU.ActiveCfg = Debug|Any CPU
		{886CDD50-DAF0-47E6-A209-8B12DEED61C0}.Debug|Any CPU.Build.0 = Debug|Any CPU
		{886CDD50-DAF0-47E6-A209-8B12DEED61C0}.Release|Any CPU.ActiveCfg = Release|Any CPU
		{886CDD50-DAF0-47E6-A209-8B12DEED61C0}.Release|Any CPU.Build.0 = Release|Any CPU
	EndGlobalSection
	GlobalSection(SolutionProperties) = preSolution
		HideSolutionNode = FALSE
	EndGlobalSection
	GlobalSection(ExtensibilityGlobals) = postSolution
		SolutionGuid = {BE9648A8-9533-47B9-A9F6-76E420228EE3}
	EndGlobalSection
EndGlobal
